Microsoft Visual Studio Solution File, Format Version 12.00
# Visual Studio Version 17
VisualStudioVersion = 17.5.2.0
MinimumVisualStudioVersion = 10.0.40219.1
Project("{FAE04EC0-301F-11D3-BF4B-00C04F79EFBC}") = "CSharpFundamental", "CSharpFundamental\CSharpFundamental.csproj", "{91384274-0141-7E43-244A-50E52C3D3D0B}"
EndProject
Global
	GlobalSection(SolutionConfigurationPlatforms) = preSolution
		Debug|Any CPU = Debug|Any CPU
		Release|Any CPU = Release|Any CPU
	EndGlobalSection
	GlobalSection(ProjectConfigurationPlatforms) = postSolution
		{91384274-0141-7E43-244A-50E52C3D3D0B}.Debug|Any CPU.ActiveCfg = Debug|Any CPU
		{91384274-0141-7E43-244A-50E52C3D3D0B}.Debug|Any CPU.Build.0 = Debug|Any CPU
		{91384274-0141-7E43-244A-50E52C3D3D0B}.Release|Any CPU.ActiveCfg = Release|Any CPU
		{91384274-0141-7E43-244A-50E52C3D3D0B}.Release|Any CPU.Build.0 = Release|Any CPU
	EndGlobalSection
	GlobalSection(SolutionProperties) = preSolution
		HideSolutionNode = FALSE
	EndGlobalSection
	GlobalSection(ExtensibilityGlobals) = postSolution
		SolutionGuid = {7008F67B-1D07-4574-B809-4AA886A33D18}
	EndGlobalSection
EndGlobal
