Microsoft Visual Studio Solution File, Format Version 12.00
# Visual Studio Version 17
VisualStudioVersion = 17.5.2.0
MinimumVisualStudioVersion = 10.0.40219.1
Project("{FAE04EC0-301F-11D3-BF4B-00C04F79EFBC}") = "JoinExercise", "JoinExercise.csproj", "{0C717D2B-3B1D-BF6F-6E88-7B94B0A35FC7}"
EndProject
Global
	GlobalSection(SolutionConfigurationPlatforms) = preSolution
		Debug|Any CPU = Debug|Any CPU
		Release|Any CPU = Release|Any CPU
	EndGlobalSection
	GlobalSection(ProjectConfigurationPlatforms) = postSolution
		{0C717D2B-3B1D-BF6F-6E88-7B94B0A35FC7}.Debug|Any CPU.ActiveCfg = Debug|Any CPU
		{0C717D2B-3B1D-BF6F-6E88-7B94B0A35FC7}.Debug|Any CPU.Build.0 = Debug|Any CPU
		{0C717D2B-3B1D-BF6F-6E88-7B94B0A35FC7}.Release|Any CPU.ActiveCfg = Release|Any CPU
		{0C717D2B-3B1D-BF6F-6E88-7B94B0A35FC7}.Release|Any CPU.Build.0 = Release|Any CPU
	EndGlobalSection
	GlobalSection(SolutionProperties) = preSolution
		HideSolutionNode = FALSE
	EndGlobalSection
	GlobalSection(ExtensibilityGlobals) = postSolution
		SolutionGuid = {D0356DBC-CF17-4CC2-9F3B-B1E50D74031C}
	EndGlobalSection
EndGlobal
