Microsoft Visual Studio Solution File, Format Version 12.00
# Visual Studio Version 17
VisualStudioVersion = 17.5.2.0
MinimumVisualStudioVersion = 10.0.40219.1
Project("{FAE04EC0-301F-11D3-BF4B-00C04F79EFBC}") = "AdoDotNetDemo", "AdoDotNetDemo\AdoDotNetDemo.csproj", "{16F2D108-235B-ED58-2528-C84941A25431}"
EndProject
Global
	GlobalSection(SolutionConfigurationPlatforms) = preSolution
		Debug|Any CPU = Debug|Any CPU
		Release|Any CPU = Release|Any CPU
	EndGlobalSection
	GlobalSection(ProjectConfigurationPlatforms) = postSolution
		{16F2D108-235B-ED58-2528-C84941A25431}.Debug|Any CPU.ActiveCfg = Debug|Any CPU
		{16F2D108-235B-ED58-2528-C84941A25431}.Debug|Any CPU.Build.0 = Debug|Any CPU
		{16F2D108-235B-ED58-2528-C84941A25431}.Release|Any CPU.ActiveCfg = Release|Any CPU
		{16F2D108-235B-ED58-2528-C84941A25431}.Release|Any CPU.Build.0 = Release|Any CPU
	EndGlobalSection
	GlobalSection(SolutionProperties) = preSolution
		HideSolutionNode = FALSE
	EndGlobalSection
	GlobalSection(ExtensibilityGlobals) = postSolution
		SolutionGuid = {7A02DD36-9CBD-4047-87C4-4AC503A1D94E}
	EndGlobalSection
EndGlobal
