
Microsoft Visual Studio Solution File, Format Version 12.00
# Visual Studio Version 17
VisualStudioVersion = 17.0.31903.59
MinimumVisualStudioVersion = 10.0.40219.1
Project("{FAE04EC0-301F-11D3-BF4B-00C04F79EFBC}") = "ConsoleApp", "ConsoleApp\ConsoleApp.csproj", "{28F3DBDF-3F27-47D6-8E40-F854BE0D2059}"
EndProject
Project("{FAE04EC0-301F-11D3-BF4B-00C04F79EFBC}") = "Utilities", "Utilities\Utilities.csproj", "{A1A9ECAF-9A72-4AC2-B3E2-AF79B1EBC194}"
EndProject
Global
	GlobalSection(SolutionConfigurationPlatforms) = preSolution
		Debug|Any CPU = Debug|Any CPU
		Release|Any CPU = Release|Any CPU
	EndGlobalSection
	GlobalSection(SolutionProperties) = preSolution
		HideSolutionNode = FALSE
	EndGlobalSection
	GlobalSection(ProjectConfigurationPlatforms) = postSolution
		{28F3DBDF-3F27-47D6-8E40-F854BE0D2059}.Debug|Any CPU.ActiveCfg = Debug|Any CPU
		{28F3DBDF-3F27-47D6-8E40-F854BE0D2059}.Debug|Any CPU.Build.0 = Debug|Any CPU
		{28F3DBDF-3F27-47D6-8E40-F854BE0D2059}.Release|Any CPU.ActiveCfg = Release|Any CPU
		{28F3DBDF-3F27-47D6-8E40-F854BE0D2059}.Release|Any CPU.Build.0 = Release|Any CPU
		{A1A9ECAF-9A72-4AC2-B3E2-AF79B1EBC194}.Debug|Any CPU.ActiveCfg = Debug|Any CPU
		{A1A9ECAF-9A72-4AC2-B3E2-AF79B1EBC194}.Debug|Any CPU.Build.0 = Debug|Any CPU
		{A1A9ECAF-9A72-4AC2-B3E2-AF79B1EBC194}.Release|Any CPU.ActiveCfg = Release|Any CPU
		{A1A9ECAF-9A72-4AC2-B3E2-AF79B1EBC194}.Release|Any CPU.Build.0 = Release|Any CPU
	EndGlobalSection
EndGlobal
